PODS:
  - Alamofire (5.4.3)
  - AlamofireImage (4.2.0):
    - Alamofire (~> 5.4)
  - FlowCommoniOS (1.11.1)
  - NextLevel (0.17.0)
  - Nuke (10.3.2)
  - PINCache (3.0.3):
    - PINCache/Arc-exception-safe (= 3.0.3)
    - PINCache/Core (= 3.0.3)
  - PINCache/Arc-exception-safe (3.0.3):
    - PINCache/Core
  - PINCache/Core (3.0.3):
    - PINOperation (~> 1.2.1)
  - PINOperation (1.2.1)
  - PINRemoteImage/Core (3.0.3):
    - PINOperation
  - PINRemoteImage/iOS (3.0.3):
    - PINRemoteImage/Core
  - PINRemoteImage/PINCache (3.0.3):
    - PINCache (~> 3.0.3)
    - PINRemoteImage/Core
  - Texture (3.0.0):
    - Texture/AssetsLibrary (= 3.0.0)
    - Texture/Core (= 3.0.0)
    - Texture/MapKit (= 3.0.0)
    - Texture/Photos (= 3.0.0)
    - Texture/PINRemoteImage (= 3.0.0)
    - Texture/Video (= 3.0.0)
  - Texture/AssetsLibrary (3.0.0):
    - Texture/Core
  - Texture/Core (3.0.0)
  - Texture/MapKit (3.0.0):
    - Texture/Core
  - Texture/Photos (3.0.0):
    - Texture/Core
  - Texture/PINRemoteImage (3.0.0):
    - PINRemoteImage/iOS (~> 3.0.0)
    - PINRemoteImage/PINCache
    - Texture/Core
  - Texture/Video (3.0.0):
    - Texture/Core
  - TTGSnackbar (1.10.5)
  - Valet (4.1.1)

DEPENDENCIES:
  - Alamofire
  - AlamofireImage
  - FlowCommoniOS
  - NextLevel
  - Nuke
  - PINCache
  - Texture
  - TTGSnackbar
  - Valet

SPEC REPOS:
  trunk:
    - Alamofire
    - AlamofireImage
    - FlowCommoniOS
    - NextLevel
    - Nuke
    - PINCache
    - PINOperation
    - PINRemoteImage
    - Texture
    - TTGSnackbar
    - Valet

SPEC CHECKSUMS:
  Alamofire: e447a2774a40c996748296fa2c55112fdbbc42f9
  AlamofireImage: 34a2d90b0e5fe6a5605f85ae4b7b01e784c60192
  FlowCommoniOS: 38a5610943faa95f826e8e310e24f42bd8f69e46
  NextLevel: d07859347dd5c058e59bcde2fba90032c0d7aa23
  Nuke: c8be8025c78fedebe3dc9bc9a4a00f16e33921a7
  PINCache: 7a8fc1a691173d21dbddbf86cd515de6efa55086
  PINOperation: 00c935935f1e8cf0d1e2d6b542e75b88fc3e5e20
  PINRemoteImage: f1295b29f8c5e640e25335a1b2bd9d805171bd01
  Texture: 2f109e937850d94d1d07232041c9c7313ccddb81
  TTGSnackbar: 2bd245d2bbf83639483410273fd936af0b7ba2a9
  Valet: 11ab0e318b7284888a81392e36136563b4af5deb

PODFILE CHECKSUM: bf51a9242f328e961c02c7892821dfb3bc98600c

COCOAPODS: 1.10.2
