PODS:
  - Alamofire (5.2.2)
  - Nuke (9.1.1)
  - Valet (4.1.1)

DEPENDENCIES:
  - Alamofire
  - Nuke
  - Valet

SPEC REPOS:
  trunk:
    - Alamofire
    - Nuke
    - Valet

SPEC CHECKSUMS:
  Alamofire: 814429acc853c6c54ff123fc3d2ef66803823ce0
  Nuke: af4301b154d3afd8a3b045a5194a9a773a00b7a8
  Valet: 11ab0e318b7284888a81392e36136563b4af5deb

PODFILE CHECKSUM: e4e9218d3b10d628472dd1a80fa83526afb326cf

COCOAPODS: 1.9.3
