PODS:
  - Alamofire (5.4.0)
  - AlamofireImage (4.1.0):
    - Alamofire (~> 5.1)
  - NextLevel (0.16.4)
  - Nuke (9.1.3)
  - PINCache (3.0.3):
    - PINCache/Arc-exception-safe (= 3.0.3)
    - PINCache/Core (= 3.0.3)
  - PINCache/Arc-exception-safe (3.0.3):
    - PINCache/Core
  - PINCache/Core (3.0.3):
    - PINOperation (~> 1.2.1)
  - PINOperation (1.2.1)
  - PINRemoteImage/Core (3.0.3):
    - PINOperation
  - PINRemoteImage/iOS (3.0.3):
    - PINRemoteImage/Core
  - PINRemoteImage/PINCache (3.0.3):
    - PINCache (~> 3.0.3)
    - PINRemoteImage/Core
  - Texture (3.0.0):
    - Texture/AssetsLibrary (= 3.0.0)
    - Texture/Core (= 3.0.0)
    - Texture/MapKit (= 3.0.0)
    - Texture/Photos (= 3.0.0)
    - Texture/PINRemoteImage (= 3.0.0)
    - Texture/Video (= 3.0.0)
  - Texture/AssetsLibrary (3.0.0):
    - Texture/Core
  - Texture/Core (3.0.0)
  - Texture/MapKit (3.0.0):
    - Texture/Core
  - Texture/Photos (3.0.0):
    - Texture/Core
  - Texture/PINRemoteImage (3.0.0):
    - PINRemoteImage/iOS (~> 3.0.0)
    - PINRemoteImage/PINCache
    - Texture/Core
  - Texture/Video (3.0.0):
    - Texture/Core
  - TTGSnackbar (1.10.5)
  - Valet (4.1.1)

DEPENDENCIES:
  - Alamofire
  - AlamofireImage
  - NextLevel
  - Nuke
  - PINCache
  - Texture
  - TTGSnackbar
  - Valet

SPEC REPOS:
  trunk:
    - Alamofire
    - AlamofireImage
    - NextLevel
    - Nuke
    - PINCache
    - PINOperation
    - PINRemoteImage
    - Texture
    - TTGSnackbar
    - Valet

SPEC CHECKSUMS:
  Alamofire: 3b6a534a3df22db367e4dedeeca73d1ddfcf0e2f
  AlamofireImage: c4a2ba349885fb3064feb74d2e547bd42ce9be10
  NextLevel: f84ecba5c546a87e245809e0523ef3a24897323b
  Nuke: ee78dff29ad68cfd70a292a7960952f72cc6af6a
  PINCache: 7a8fc1a691173d21dbddbf86cd515de6efa55086
  PINOperation: 00c935935f1e8cf0d1e2d6b542e75b88fc3e5e20
  PINRemoteImage: f1295b29f8c5e640e25335a1b2bd9d805171bd01
  Texture: 2f109e937850d94d1d07232041c9c7313ccddb81
  TTGSnackbar: 2bd245d2bbf83639483410273fd936af0b7ba2a9
  Valet: 11ab0e318b7284888a81392e36136563b4af5deb

PODFILE CHECKSUM: 47dcb1f9abf7cdce4dd9a1a1d8d2ec86d9be7fa5

COCOAPODS: 1.10.1
