// !$*UTF8*$!
{
	archiveVersion = 1;
	classes = {
	};
	objectVersion = 53;
	objects = {

/* Begin PBXBuildFile section */
		39BFFB669B06EF7699B64644 /* Pods_Blurred_iosTests.framework in Frameworks */ = {isa = PBXBuildFile; fileRef = A54AE468CD7979EA2C7B6928 /* Pods_Blurred_iosTests.framework */; };
		594B8BD024E41793002D620D /* SearchCell.swift in Sources */ = {isa = PBXBuildFile; fileRef = 594B8BCF24E41793002D620D /* SearchCell.swift */; };
		596AEE4724E89174002531C0 /* CommentCell.swift in Sources */ = {isa = PBXBuildFile; fileRef = 596AEE4624E89174002531C0 /* CommentCell.swift */; };
		5B2527AE2484388C0014F6CA /* Assets.xcassets in Resources */ = {isa = PBXBuildFile; fileRef = 5B2527AD2484388C0014F6CA /* Assets.xcassets */; };
		A400503340A44B2C542F084B /* Pods_Blurred_ios_Blurred_iosUITests.framework in Frameworks */ = {isa = PBXBuildFile; fileRef = E55997397D8A83ECBD5F7161 /* Pods_Blurred_ios_Blurred_iosUITests.framework */; };
		C0DB4F7E900B16800F0EFA38 /* Pods_Blurred_ios.framework in Frameworks */ = {isa = PBXBuildFile; fileRef = 95B530160232BFC32BE06C4F /* Pods_Blurred_ios.framework */; };
		E1104EC12511649800B52A11 /* NotificationsTableViewCell.swift in Sources */ = {isa = PBXBuildFile; fileRef = E1104EC02511649800B52A11 /* NotificationsTableViewCell.swift */; };
		E110886B247031B500B9AA32 /* AccountSettingsViewController.swift in Sources */ = {isa = PBXBuildFile; fileRef = E110886A247031B500B9AA32 /* AccountSettingsViewController.swift */; };
		E1187D5A24ACB7DE00F7BFB6 /* SearchVideoCell.swift in Sources */ = {isa = PBXBuildFile; fileRef = E1187D5924ACB7DE00F7BFB6 /* SearchVideoCell.swift */; };
		E125D30E2566E15D005E4E27 /* ImagePublisher.swift in Sources */ = {isa = PBXBuildFile; fileRef = E125D30D2566E15D005E4E27 /* ImagePublisher.swift */; };
		E12808CD245659D6001BF3F3 /* SignupViewController.swift in Sources */ = {isa = PBXBuildFile; fileRef = E12808CC245659D6001BF3F3 /* SignupViewController.swift */; };
		E13515CC25492078000437CB /* CommentCellDelegate.swift in Sources */ = {isa = PBXBuildFile; fileRef = E13515CB25492078000437CB /* CommentCellDelegate.swift */; };
		E139685424D34F4700F01FDE /* ChannelVideoCellNode.swift in Sources */ = {isa = PBXBuildFile; fileRef = E139685324D34F4700F01FDE /* ChannelVideoCellNode.swift */; };
		E139B92424E826490035901E /* DescriptionOverlayView.swift in Sources */ = {isa = PBXBuildFile; fileRef = E139B92324E826490035901E /* DescriptionOverlayView.swift */; };
		E139B92624E826B10035901E /* DescriptionOverlay.xib in Resources */ = {isa = PBXBuildFile; fileRef = E139B92524E826B10035901E /* DescriptionOverlay.xib */; };
		E139B92924E82C070035901E /* DescriptionOverlayDelegate.swift in Sources */ = {isa = PBXBuildFile; fileRef = E139B92824E82C070035901E /* DescriptionOverlayDelegate.swift */; };
		E139B92B24E871DF0035901E /* Throttler.swift in Sources */ = {isa = PBXBuildFile; fileRef = E139B92A24E871DF0035901E /* Throttler.swift */; };
		E146ACF12474188700D3ED10 /* OtherChannelViewController.swift in Sources */ = {isa = PBXBuildFile; fileRef = E146ACF02474188700D3ED10 /* OtherChannelViewController.swift */; };
		E146ACF32474254400D3ED10 /* OtherFollowerListViewController.swift in Sources */ = {isa = PBXBuildFile; fileRef = E146ACF22474254400D3ED10 /* OtherFollowerListViewController.swift */; };
		E146ACF52474255D00D3ED10 /* OtherFollowListViewController.swift in Sources */ = {isa = PBXBuildFile; fileRef = E146ACF42474255D00D3ED10 /* OtherFollowListViewController.swift */; };
		E146ACF7247441DE00D3ED10 /* OtherFollowerCell.swift in Sources */ = {isa = PBXBuildFile; fileRef = E146ACF6247441DE00D3ED10 /* OtherFollowerCell.swift */; };
		E146ACF9247441F100D3ED10 /* OtherFollowingCell.swift in Sources */ = {isa = PBXBuildFile; fileRef = E146ACF8247441F100D3ED10 /* OtherFollowingCell.swift */; };
		E1477EB22548C64C006A3008 /* ReplyTableViewCell.swift in Sources */ = {isa = PBXBuildFile; fileRef = E1477EB12548C64C006A3008 /* ReplyTableViewCell.swift */; };
		E15D6FC224BA5DCD00CC1E0E /* CommentingViewController.swift in Sources */ = {isa = PBXBuildFile; fileRef = E15D6FC124BA5DCD00CC1E0E /* CommentingViewController.swift */; };
		E15D6FC424BA5E3F00CC1E0E /* CommentBoard.storyboard in Resources */ = {isa = PBXBuildFile; fileRef = E15D6FC324BA5E3F00CC1E0E /* CommentBoard.storyboard */; };
		E162053D264DFB1700F62613 /* EnableOTPViewController.swift in Sources */ = {isa = PBXBuildFile; fileRef = E162053C264DFB1700F62613 /* EnableOTPViewController.swift */; };
		E162053F264DFB2900F62613 /* EnableOTP2ViewController.swift in Sources */ = {isa = PBXBuildFile; fileRef = E162053E264DFB2900F62613 /* EnableOTP2ViewController.swift */; };
		E1620541264DFB7A00F62613 /* DisableOTPViewController.swift in Sources */ = {isa = PBXBuildFile; fileRef = E1620540264DFB7A00F62613 /* DisableOTPViewController.swift */; };
		E179F01525E4AB5A003E14F2 /* ColorHexConverter.swift in Sources */ = {isa = PBXBuildFile; fileRef = E179F01425E4AB5A003E14F2 /* ColorHexConverter.swift */; };
		E17C5EF824E6A99000D1E079 /* OverlayViewDelegate.swift in Sources */ = {isa = PBXBuildFile; fileRef = E17C5EF724E6A99000D1E079 /* OverlayViewDelegate.swift */; };
		E181026A25682A3200CA4522 /* MainTabBarViewController.swift in Sources */ = {isa = PBXBuildFile; fileRef = E181026925682A3200CA4522 /* MainTabBarViewController.swift */; };
		E181F84D264B4A5B00446AFA /* OTPBoard.storyboard in Resources */ = {isa = PBXBuildFile; fileRef = E181F84C264B4A5B00446AFA /* OTPBoard.storyboard */; };
		E181F84F264B4C8200446AFA /* OTPViewController.swift in Sources */ = {isa = PBXBuildFile; fileRef = E181F84E264B4C8200446AFA /* OTPViewController.swift */; };
		E181F854264DE35000446AFA /* 2FASettings.storyboard in Resources */ = {isa = PBXBuildFile; fileRef = E181F853264DE35000446AFA /* 2FASettings.storyboard */; };
		E189D855247F03D500B09F29 /* ChannelVideoViewController.swift in Sources */ = {isa = PBXBuildFile; fileRef = E189D854247F03D500B09F29 /* ChannelVideoViewController.swift */; };
		E18C73982638DF620046A845 /* Reachability.swift in Sources */ = {isa = PBXBuildFile; fileRef = E18C73972638DF620046A845 /* Reachability.swift */; };
		E1BA897124E0427A0015C546 /* CacheManager.swift in Sources */ = {isa = PBXBuildFile; fileRef = E1BA897024E0427A0015C546 /* CacheManager.swift */; };
		E1BA897824E18CDC0015C546 /* OverlayView.swift in Sources */ = {isa = PBXBuildFile; fileRef = E1BA897624E18CDC0015C546 /* OverlayView.swift */; };
		E1BA897924E18CDC0015C546 /* ChannelVideoOverlay.xib in Resources */ = {isa = PBXBuildFile; fileRef = E1BA897724E18CDC0015C546 /* ChannelVideoOverlay.xib */; };
		E1C406DC2482853F004345BE /* OtherChannelVideoCell.swift in Sources */ = {isa = PBXBuildFile; fileRef = E1C406DB2482853F004345BE /* OtherChannelVideoCell.swift */; };
		E1D8C896246F119000F1EAD1 /* Settings.bundle in Resources */ = {isa = PBXBuildFile; fileRef = E1D8C895246F119000F1EAD1 /* Settings.bundle */; };
		E1D92C9824732D6700EDABAA /* VideoPlaybackViewController.swift in Sources */ = {isa = PBXBuildFile; fileRef = E1D92C9724732D6700EDABAA /* VideoPlaybackViewController.swift */; };
		E1DF6F6A244F550300E11BF9 /* AppDelegate.swift in Sources */ = {isa = PBXBuildFile; fileRef = E1DF6F69244F550300E11BF9 /* AppDelegate.swift */; };
		E1DF6F6E244F550300E11BF9 /* HomeViewController.swift in Sources */ = {isa = PBXBuildFile; fileRef = E1DF6F6D244F550300E11BF9 /* HomeViewController.swift */; };
		E1DF6F70244F550300E11BF9 /* SearchViewController.swift in Sources */ = {isa = PBXBuildFile; fileRef = E1DF6F6F244F550300E11BF9 /* SearchViewController.swift */; };
		E1DF6F73244F550300E11BF9 /* Main.storyboard in Resources */ = {isa = PBXBuildFile; fileRef = E1DF6F71244F550300E11BF9 /* Main.storyboard */; };
		E1DF6F76244F550300E11BF9 /* Blurred_ios.xcdatamodeld in Sources */ = {isa = PBXBuildFile; fileRef = E1DF6F74244F550300E11BF9 /* Blurred_ios.xcdatamodeld */; };
		E1DF6F86244F550600E11BF9 /* Blurred_iosTests.swift in Sources */ = {isa = PBXBuildFile; fileRef = E1DF6F85244F550600E11BF9 /* Blurred_iosTests.swift */; };
		E1DF6F91244F550700E11BF9 /* Blurred_iosUITests.swift in Sources */ = {isa = PBXBuildFile; fileRef = E1DF6F90244F550700E11BF9 /* Blurred_iosUITests.swift */; };
		E1DF6FA5244F578700E11BF9 /* LaunchScreen.storyboard in Resources */ = {isa = PBXBuildFile; fileRef = E1DF6FA4244F578700E11BF9 /* LaunchScreen.storyboard */; };
		E1DF6FB9244F5DBD00E11BF9 /* RecordViewController.swift in Sources */ = {isa = PBXBuildFile; fileRef = E1DF6FB8244F5DBD00E11BF9 /* RecordViewController.swift */; };
		E1DF6FBB244F5DCE00E11BF9 /* NotificationsViewController.swift in Sources */ = {isa = PBXBuildFile; fileRef = E1DF6FBA244F5DCE00E11BF9 /* NotificationsViewController.swift */; };
		E1DF6FBD244F5DE300E11BF9 /* ChannelViewController.swift in Sources */ = {isa = PBXBuildFile; fileRef = E1DF6FBC244F5DE300E11BF9 /* ChannelViewController.swift */; };
		E1EBD0B9245377E800FE901F /* SettingsViewController.swift in Sources */ = {isa = PBXBuildFile; fileRef = E1EBD0B8245377E800FE901F /* SettingsViewController.swift */; };
		E1EBD0BB2453A18B00FE901F /* AuthenticateViewController.swift in Sources */ = {isa = PBXBuildFile; fileRef = E1EBD0BA2453A18B00FE901F /* AuthenticateViewController.swift */; };
		E1EC52E82481A6380086C993 /* ChannelVideoCell.swift in Sources */ = {isa = PBXBuildFile; fileRef = E1EC52E72481A6380086C993 /* ChannelVideoCell.swift */; };
		E1F28474247C19CE009F8B0B /* UploadDetailsViewController.swift in Sources */ = {isa = PBXBuildFile; fileRef = E1F28473247C19CE009F8B0B /* UploadDetailsViewController.swift */; };
/* End PBXBuildFile section */

/* Begin PBXContainerItemProxy section */
		E1DF6F82244F550600E11BF9 /* PBXContainerItemProxy */ = {
			isa = PBXContainerItemProxy;
			containerPortal = E1DF6F5E244F550300E11BF9 /* Project object */;
			proxyType = 1;
			remoteGlobalIDString = E1DF6F65244F550300E11BF9;
			remoteInfo = "Blurred-ios";
		};
		E1DF6F8D244F550700E11BF9 /* PBXContainerItemProxy */ = {
			isa = PBXContainerItemProxy;
			containerPortal = E1DF6F5E244F550300E11BF9 /* Project object */;
			proxyType = 1;
			remoteGlobalIDString = E1DF6F65244F550300E11BF9;
			remoteInfo = "Blurred-ios";
		};
/* End PBXContainerItemProxy section */

/* Begin PBXCopyFilesBuildPhase section */
		E1611F7226253E5500DA84BA /* Embed App Extensions */ = {
			isa = PBXCopyFilesBuildPhase;
			buildActionMask = 2147483647;
			dstPath = "";
			dstSubfolderSpec = 13;
			files = (
			);
			name = "Embed App Extensions";
			runOnlyForDeploymentPostprocessing = 0;
		};
/* End PBXCopyFilesBuildPhase section */

/* Begin PBXFileReference section */
		0FD9B289C1FE67D1AB705F3B /* Pods-Blurred-iosTests.debug.xcconfig */ = {isa = PBXFileReference; includeInIndex = 1; lastKnownFileType = text.xcconfig; name = "Pods-Blurred-iosTests.debug.xcconfig"; path = "Target Support Files/Pods-Blurred-iosTests/Pods-Blurred-iosTests.debug.xcconfig"; sourceTree = "<group>"; };
		59303CECF0E6FF74AE914CB6 /* Pods-Blurred-iosTests.release.xcconfig */ = {isa = PBXFileReference; includeInIndex = 1; lastKnownFileType = text.xcconfig; name = "Pods-Blurred-iosTests.release.xcconfig"; path = "Target Support Files/Pods-Blurred-iosTests/Pods-Blurred-iosTests.release.xcconfig"; sourceTree = "<group>"; };
		594B8BCF24E41793002D620D /* SearchCell.swift */ = {isa = PBXFileReference; fileEncoding = 4; lastKnownFileType = sourcecode.swift; path = SearchCell.swift; sourceTree = "<group>"; };
		596AEE4624E89174002531C0 /* CommentCell.swift */ = {isa = PBXFileReference; fileEncoding = 4; lastKnownFileType = sourcecode.swift; path = CommentCell.swift; sourceTree = "<group>"; };
		5B2527AD2484388C0014F6CA /* Assets.xcassets */ = {isa = PBXFileReference; lastKnownFileType = folder.assetcatalog; path = Assets.xcassets; sourceTree = "<group>"; };
		5CDF210A8E22D0F54481F28D /* Pods-Blurred-ios-Blurred-iosUITests.release.xcconfig */ = {isa = PBXFileReference; includeInIndex = 1; lastKnownFileType = text.xcconfig; name = "Pods-Blurred-ios-Blurred-iosUITests.release.xcconfig"; path = "Target Support Files/Pods-Blurred-ios-Blurred-iosUITests/Pods-Blurred-ios-Blurred-iosUITests.release.xcconfig"; sourceTree = "<group>"; };
		95B530160232BFC32BE06C4F /* Pods_Blurred_ios.framework */ = {isa = PBXFileReference; explicitFileType = wrapper.framework; includeInIndex = 0; path = Pods_Blurred_ios.framework; sourceTree = BUILT_PRODUCTS_DIR; };
		9DC8B456F1A2903F763BF85C /* Pods-Blurred-ios-Blurred-iosUITests.debug.xcconfig */ = {isa = PBXFileReference; includeInIndex = 1; lastKnownFileType = text.xcconfig; name = "Pods-Blurred-ios-Blurred-iosUITests.debug.xcconfig"; path = "Target Support Files/Pods-Blurred-ios-Blurred-iosUITests/Pods-Blurred-ios-Blurred-iosUITests.debug.xcconfig"; sourceTree = "<group>"; };
		A54AE468CD7979EA2C7B6928 /* Pods_Blurred_iosTests.framework */ = {isa = PBXFileReference; explicitFileType = wrapper.framework; includeInIndex = 0; path = Pods_Blurred_iosTests.framework; sourceTree = BUILT_PRODUCTS_DIR; };
		E1104EC02511649800B52A11 /* NotificationsTableViewCell.swift */ = {isa = PBXFileReference; lastKnownFileType = sourcecode.swift; path = NotificationsTableViewCell.swift; sourceTree = "<group>"; };
		E110886A247031B500B9AA32 /* AccountSettingsViewController.swift */ = {isa = PBXFileReference; lastKnownFileType = sourcecode.swift; path = AccountSettingsViewController.swift; sourceTree = "<group>"; };
		E1187D5924ACB7DE00F7BFB6 /* SearchVideoCell.swift */ = {isa = PBXFileReference; lastKnownFileType = sourcecode.swift; path = SearchVideoCell.swift; sourceTree = "<group>"; };
		E125D30D2566E15D005E4E27 /* ImagePublisher.swift */ = {isa = PBXFileReference; lastKnownFileType = sourcecode.swift; path = ImagePublisher.swift; sourceTree = "<group>"; };
		E12808CC245659D6001BF3F3 /* SignupViewController.swift */ = {isa = PBXFileReference; lastKnownFileType = sourcecode.swift; path = SignupViewController.swift; sourceTree = "<group>"; };
		E13515CB25492078000437CB /* CommentCellDelegate.swift */ = {isa = PBXFileReference; lastKnownFileType = sourcecode.swift; path = CommentCellDelegate.swift; sourceTree = "<group>"; };
		E139685324D34F4700F01FDE /* ChannelVideoCellNode.swift */ = {isa = PBXFileReference; lastKnownFileType = sourcecode.swift; path = ChannelVideoCellNode.swift; sourceTree = "<group>"; };
		E139B92324E826490035901E /* DescriptionOverlayView.swift */ = {isa = PBXFileReference; lastKnownFileType = sourcecode.swift; path = DescriptionOverlayView.swift; sourceTree = "<group>"; };
		E139B92524E826B10035901E /* DescriptionOverlay.xib */ = {isa = PBXFileReference; lastKnownFileType = file.xib; path = DescriptionOverlay.xib; sourceTree = "<group>"; };
		E139B92824E82C070035901E /* DescriptionOverlayDelegate.swift */ = {isa = PBXFileReference; lastKnownFileType = sourcecode.swift; path = DescriptionOverlayDelegate.swift; sourceTree = "<group>"; };
		E139B92A24E871DF0035901E /* Throttler.swift */ = {isa = PBXFileReference; lastKnownFileType = sourcecode.swift; name = Throttler.swift; path = "Blurred-ios/Throttler.swift"; sourceTree = SOURCE_ROOT; };
		E146ACF02474188700D3ED10 /* OtherChannelViewController.swift */ = {isa = PBXFileReference; lastKnownFileType = sourcecode.swift; path = OtherChannelViewController.swift; sourceTree = "<group>"; };
		E146ACF22474254400D3ED10 /* OtherFollowerListViewController.swift */ = {isa = PBXFileReference; lastKnownFileType = sourcecode.swift; path = OtherFollowerListViewController.swift; sourceTree = "<group>"; };
		E146ACF42474255D00D3ED10 /* OtherFollowListViewController.swift */ = {isa = PBXFileReference; lastKnownFileType = sourcecode.swift; path = OtherFollowListViewController.swift; sourceTree = "<group>"; };
		E146ACF6247441DE00D3ED10 /* OtherFollowerCell.swift */ = {isa = PBXFileReference; lastKnownFileType = sourcecode.swift; path = OtherFollowerCell.swift; sourceTree = "<group>"; };
		E146ACF8247441F100D3ED10 /* OtherFollowingCell.swift */ = {isa = PBXFileReference; lastKnownFileType = sourcecode.swift; path = OtherFollowingCell.swift; sourceTree = "<group>"; };
		E1477EB12548C64C006A3008 /* ReplyTableViewCell.swift */ = {isa = PBXFileReference; fileEncoding = 4; lastKnownFileType = sourcecode.swift; path = ReplyTableViewCell.swift; sourceTree = "<group>"; };
		E15D6FC124BA5DCD00CC1E0E /* CommentingViewController.swift */ = {isa = PBXFileReference; lastKnownFileType = sourcecode.swift; path = CommentingViewController.swift; sourceTree = "<group>"; };
		E15D6FC324BA5E3F00CC1E0E /* CommentBoard.storyboard */ = {isa = PBXFileReference; lastKnownFileType = file.storyboard; path = CommentBoard.storyboard; sourceTree = "<group>"; };
		E162053C264DFB1700F62613 /* EnableOTPViewController.swift */ = {isa = PBXFileReference; lastKnownFileType = sourcecode.swift; path = EnableOTPViewController.swift; sourceTree = "<group>"; };
		E162053E264DFB2900F62613 /* EnableOTP2ViewController.swift */ = {isa = PBXFileReference; lastKnownFileType = sourcecode.swift; path = EnableOTP2ViewController.swift; sourceTree = "<group>"; };
		E1620540264DFB7A00F62613 /* DisableOTPViewController.swift */ = {isa = PBXFileReference; lastKnownFileType = sourcecode.swift; path = DisableOTPViewController.swift; sourceTree = "<group>"; };
		E179F01425E4AB5A003E14F2 /* ColorHexConverter.swift */ = {isa = PBXFileReference; lastKnownFileType = sourcecode.swift; path = ColorHexConverter.swift; sourceTree = "<group>"; };
		E17C5EF724E6A99000D1E079 /* OverlayViewDelegate.swift */ = {isa = PBXFileReference; lastKnownFileType = sourcecode.swift; path = OverlayViewDelegate.swift; sourceTree = "<group>"; };
		E181026925682A3200CA4522 /* MainTabBarViewController.swift */ = {isa = PBXFileReference; lastKnownFileType = sourcecode.swift; path = MainTabBarViewController.swift; sourceTree = "<group>"; };
		E181F84C264B4A5B00446AFA /* OTPBoard.storyboard */ = {isa = PBXFileReference; lastKnownFileType = file.storyboard; path = OTPBoard.storyboard; sourceTree = "<group>"; };
		E181F84E264B4C8200446AFA /* OTPViewController.swift */ = {isa = PBXFileReference; lastKnownFileType = sourcecode.swift; path = OTPViewController.swift; sourceTree = "<group>"; };
		E181F853264DE35000446AFA /* 2FASettings.storyboard */ = {isa = PBXFileReference; lastKnownFileType = file.storyboard; path = 2FASettings.storyboard; sourceTree = "<group>"; };
		E189D854247F03D500B09F29 /* ChannelVideoViewController.swift */ = {isa = PBXFileReference; lastKnownFileType = sourcecode.swift; path = ChannelVideoViewController.swift; sourceTree = "<group>"; };
		E18C73972638DF620046A845 /* Reachability.swift */ = {isa = PBXFileReference; lastKnownFileType = sourcecode.swift; path = Reachability.swift; sourceTree = SOURCE_ROOT; };
		E19286EB24D72F1B00382D98 /* Blurred-ios-Bridging-Header.h */ = {isa = PBXFileReference; lastKnownFileType = sourcecode.c.h; path = "Blurred-ios-Bridging-Header.h"; sourceTree = "<group>"; };
		E1BA897024E0427A0015C546 /* CacheManager.swift */ = {isa = PBXFileReference; lastKnownFileType = sourcecode.swift; name = CacheManager.swift; path = "Blurred-ios/CacheManager.swift"; sourceTree = SOURCE_ROOT; };
		E1BA897624E18CDC0015C546 /* OverlayView.swift */ = {isa = PBXFileReference; fileEncoding = 4; lastKnownFileType = sourcecode.swift; path = OverlayView.swift; sourceTree = "<group>"; };
		E1BA897724E18CDC0015C546 /* ChannelVideoOverlay.xib */ = {isa = PBXFileReference; fileEncoding = 4; lastKnownFileType = file.xib; path = ChannelVideoOverlay.xib; sourceTree = "<group>"; };
		E1C406DB2482853F004345BE /* OtherChannelVideoCell.swift */ = {isa = PBXFileReference; lastKnownFileType = sourcecode.swift; path = OtherChannelVideoCell.swift; sourceTree = "<group>"; };
		E1D8C895246F119000F1EAD1 /* Settings.bundle */ = {isa = PBXFileReference; lastKnownFileType = "wrapper.plug-in"; path = Settings.bundle; sourceTree = "<group>"; };
		E1D92C9724732D6700EDABAA /* VideoPlaybackViewController.swift */ = {isa = PBXFileReference; lastKnownFileType = sourcecode.swift; path = VideoPlaybackViewController.swift; sourceTree = "<group>"; };
		E1DF6F66244F550300E11BF9 /* Blurred.app */ = {isa = PBXFileReference; explicitFileType = wrapper.application; includeInIndex = 0; path = Blurred.app; sourceTree = BUILT_PRODUCTS_DIR; };
		E1DF6F69244F550300E11BF9 /* AppDelegate.swift */ = {isa = PBXFileReference; lastKnownFileType = sourcecode.swift; path = AppDelegate.swift; sourceTree = "<group>"; };
		E1DF6F6D244F550300E11BF9 /* HomeViewController.swift */ = {isa = PBXFileReference; lastKnownFileType = sourcecode.swift; path = HomeViewController.swift; sourceTree = "<group>"; };
		E1DF6F6F244F550300E11BF9 /* SearchViewController.swift */ = {isa = PBXFileReference; lastKnownFileType = sourcecode.swift; path = SearchViewController.swift; sourceTree = "<group>"; };
		E1DF6F72244F550300E11BF9 /* Base */ = {isa = PBXFileReference; lastKnownFileType = file.storyboard; name = Base; path = Base.lproj/Main.storyboard; sourceTree = "<group>"; };
		E1DF6F75244F550300E11BF9 /* Blurred_ios.xcdatamodel */ = {isa = PBXFileReference; lastKnownFileType = wrapper.xcdatamodel; path = Blurred_ios.xcdatamodel; sourceTree = "<group>"; };
		E1DF6F7C244F550600E11BF9 /* Info.plist */ = {isa = PBXFileReference; lastKnownFileType = text.plist.xml; path = Info.plist; sourceTree = "<group>"; };
		E1DF6F81244F550600E11BF9 /* Blurred-iosTests.xctest */ = {isa = PBXFileReference; explicitFileType = wrapper.cfbundle; includeInIndex = 0; path = "Blurred-iosTests.xctest"; sourceTree = BUILT_PRODUCTS_DIR; };
		E1DF6F85244F550600E11BF9 /* Blurred_iosTests.swift */ = {isa = PBXFileReference; lastKnownFileType = sourcecode.swift; path = Blurred_iosTests.swift; sourceTree = "<group>"; };
		E1DF6F87244F550600E11BF9 /* Info.plist */ = {isa = PBXFileReference; lastKnownFileType = text.plist.xml; path = Info.plist; sourceTree = "<group>"; };
		E1DF6F8C244F550700E11BF9 /* Blurred-iosUITests.xctest */ = {isa = PBXFileReference; explicitFileType = wrapper.cfbundle; includeInIndex = 0; path = "Blurred-iosUITests.xctest"; sourceTree = BUILT_PRODUCTS_DIR; };
		E1DF6F90244F550700E11BF9 /* Blurred_iosUITests.swift */ = {isa = PBXFileReference; lastKnownFileType = sourcecode.swift; path = Blurred_iosUITests.swift; sourceTree = "<group>"; };
		E1DF6F92244F550700E11BF9 /* Info.plist */ = {isa = PBXFileReference; lastKnownFileType = text.plist.xml; path = Info.plist; sourceTree = "<group>"; };
		E1DF6FA4244F578700E11BF9 /* LaunchScreen.storyboard */ = {isa = PBXFileReference; fileEncoding = 4; lastKnownFileType = file.storyboard; path = LaunchScreen.storyboard; sourceTree = "<group>"; };
		E1DF6FB8244F5DBD00E11BF9 /* RecordViewController.swift */ = {isa = PBXFileReference; lastKnownFileType = sourcecode.swift; path = RecordViewController.swift; sourceTree = "<group>"; };
		E1DF6FBA244F5DCE00E11BF9 /* NotificationsViewController.swift */ = {isa = PBXFileReference; lastKnownFileType = sourcecode.swift; path = NotificationsViewController.swift; sourceTree = "<group>"; };
		E1DF6FBC244F5DE300E11BF9 /* ChannelViewController.swift */ = {isa = PBXFileReference; lastKnownFileType = sourcecode.swift; path = ChannelViewController.swift; sourceTree = "<group>"; };
		E1E6F163261674C800783952 /* Blurred.entitlements */ = {isa = PBXFileReference; lastKnownFileType = text.plist.entitlements; path = Blurred.entitlements; sourceTree = "<group>"; };
		E1EBD0B8245377E800FE901F /* SettingsViewController.swift */ = {isa = PBXFileReference; lastKnownFileType = sourcecode.swift; path = SettingsViewController.swift; sourceTree = "<group>"; };
		E1EBD0BA2453A18B00FE901F /* AuthenticateViewController.swift */ = {isa = PBXFileReference; lastKnownFileType = sourcecode.swift; path = AuthenticateViewController.swift; sourceTree = "<group>"; };
		E1EBD0BC2453A1CE00FE901F /* CHANGELOG.md */ = {isa = PBXFileReference; lastKnownFileType = net.daringfireball.markdown; path = CHANGELOG.md; sourceTree = SOURCE_ROOT; };
		E1EC52E72481A6380086C993 /* ChannelVideoCell.swift */ = {isa = PBXFileReference; lastKnownFileType = sourcecode.swift; path = ChannelVideoCell.swift; sourceTree = "<group>"; };
		E1F28473247C19CE009F8B0B /* UploadDetailsViewController.swift */ = {isa = PBXFileReference; lastKnownFileType = sourcecode.swift; path = UploadDetailsViewController.swift; sourceTree = "<group>"; };
		E506893DA9FC7FA3C7672E2C /* Pods-Blurred-ios.release.xcconfig */ = {isa = PBXFileReference; includeInIndex = 1; lastKnownFileType = text.xcconfig; name = "Pods-Blurred-ios.release.xcconfig"; path = "Target Support Files/Pods-Blurred-ios/Pods-Blurred-ios.release.xcconfig"; sourceTree = "<group>"; };
		E55997397D8A83ECBD5F7161 /* Pods_Blurred_ios_Blurred_iosUITests.framework */ = {isa = PBXFileReference; explicitFileType = wrapper.framework; includeInIndex = 0; path = Pods_Blurred_ios_Blurred_iosUITests.framework; sourceTree = BUILT_PRODUCTS_DIR; };
		F41306D471E35B036F6E30B7 /* Pods-Blurred-ios.debug.xcconfig */ = {isa = PBXFileReference; includeInIndex = 1; lastKnownFileType = text.xcconfig; name = "Pods-Blurred-ios.debug.xcconfig"; path = "Target Support Files/Pods-Blurred-ios/Pods-Blurred-ios.debug.xcconfig"; sourceTree = "<group>"; };
/* End PBXFileReference section */

/* Begin PBXFrameworksBuildPhase section */
		E1DF6F63244F550300E11BF9 /* Frameworks */ = {
			isa = PBXFrameworksBuildPhase;
			buildActionMask = 2147483647;
			files = (
				C0DB4F7E900B16800F0EFA38 /* Pods_Blurred_ios.framework in Frameworks */,
			);
			runOnlyForDeploymentPostprocessing = 0;
		};
		E1DF6F7E244F550600E11BF9 /* Frameworks */ = {
			isa = PBXFrameworksBuildPhase;
			buildActionMask = 2147483647;
			files = (
				39BFFB669B06EF7699B64644 /* Pods_Blurred_iosTests.framework in Frameworks */,
			);
			runOnlyForDeploymentPostprocessing = 0;
		};
		E1DF6F89244F550700E11BF9 /* Frameworks */ = {
			isa = PBXFrameworksBuildPhase;
			buildActionMask = 2147483647;
			files = (
				A400503340A44B2C542F084B /* Pods_Blurred_ios_Blurred_iosUITests.framework in Frameworks */,
			);
			runOnlyForDeploymentPostprocessing = 0;
		};
/* End PBXFrameworksBuildPhase section */

/* Begin PBXGroup section */
		15B5D27D935DD3C520B2F0DE /* Pods */ = {
			isa = PBXGroup;
			children = (
				F41306D471E35B036F6E30B7 /* Pods-Blurred-ios.debug.xcconfig */,
				E506893DA9FC7FA3C7672E2C /* Pods-Blurred-ios.release.xcconfig */,
				9DC8B456F1A2903F763BF85C /* Pods-Blurred-ios-Blurred-iosUITests.debug.xcconfig */,
				5CDF210A8E22D0F54481F28D /* Pods-Blurred-ios-Blurred-iosUITests.release.xcconfig */,
				0FD9B289C1FE67D1AB705F3B /* Pods-Blurred-iosTests.debug.xcconfig */,
				59303CECF0E6FF74AE914CB6 /* Pods-Blurred-iosTests.release.xcconfig */,
			);
			path = Pods;
			sourceTree = "<group>";
		};
		590D20AB24EDAEA300109359 /* Nodes */ = {
			isa = PBXGroup;
			children = (
				590D20AC24EDAEA800109359 /* Channel */,
			);
			path = Nodes;
			sourceTree = "<group>";
		};
		590D20AC24EDAEA800109359 /* Channel */ = {
			isa = PBXGroup;
			children = (
				590D20AD24EDAEB300109359 /* Video */,
			);
			path = Channel;
			sourceTree = "<group>";
		};
		590D20AD24EDAEB300109359 /* Video */ = {
			isa = PBXGroup;
			children = (
				E139685324D34F4700F01FDE /* ChannelVideoCellNode.swift */,
			);
			path = Video;
			sourceTree = "<group>";
		};
		596AEE4424E89114002531C0 /* Follower + Following */ = {
			isa = PBXGroup;
			children = (
				E146ACF6247441DE00D3ED10 /* OtherFollowerCell.swift */,
				E146ACF8247441F100D3ED10 /* OtherFollowingCell.swift */,
			);
			path = "Follower + Following";
			sourceTree = "<group>";
		};
		596AEE4524E89143002531C0 /* Channel Video */ = {
			isa = PBXGroup;
			children = (
				E1C406DB2482853F004345BE /* OtherChannelVideoCell.swift */,
				E1EC52E72481A6380086C993 /* ChannelVideoCell.swift */,
			);
			path = "Channel Video";
			sourceTree = "<group>";
		};
		6F43770AC0D498D027D073B3 /* Frameworks */ = {
			isa = PBXGroup;
			children = (
				95B530160232BFC32BE06C4F /* Pods_Blurred_ios.framework */,
				E55997397D8A83ECBD5F7161 /* Pods_Blurred_ios_Blurred_iosUITests.framework */,
				A54AE468CD7979EA2C7B6928 /* Pods_Blurred_iosTests.framework */,
			);
			name = Frameworks;
			sourceTree = "<group>";
		};
		E1104EC52511649F00B52A11 /* Notifications */ = {
			isa = PBXGroup;
			children = (
				E1104EC02511649800B52A11 /* NotificationsTableViewCell.swift */,
			);
			path = Notifications;
			sourceTree = "<group>";
		};
		E125D32725670688005E4E27 /* Follower + Following */ = {
			isa = PBXGroup;
			children = (
				E146ACF22474254400D3ED10 /* OtherFollowerListViewController.swift */,
				E146ACF42474255D00D3ED10 /* OtherFollowListViewController.swift */,
			);
			path = "Follower + Following";
			sourceTree = "<group>";
		};
		E125D328256706A3005E4E27 /* Channel */ = {
			isa = PBXGroup;
			children = (
				E1DF6FBC244F5DE300E11BF9 /* ChannelViewController.swift */,
				E146ACF02474188700D3ED10 /* OtherChannelViewController.swift */,
			);
			path = Channel;
			sourceTree = "<group>";
		};
		E13848CF24C87E1C00232C7B /* Search */ = {
			isa = PBXGroup;
			children = (
				594B8BCF24E41793002D620D /* SearchCell.swift */,
				E1187D5924ACB7DE00F7BFB6 /* SearchVideoCell.swift */,
			);
			path = Search;
			sourceTree = "<group>";
		};
		E139685524D3539700F01FDE /* Video */ = {
			isa = PBXGroup;
			children = (
				E1477EB62548C7C2006A3008 /* Comments */,
				E1BA897424E18C680015C546 /* Overlays */,
				E189D854247F03D500B09F29 /* ChannelVideoViewController.swift */,
			);
			path = Video;
			sourceTree = "<group>";
		};
		E139B92724E826D20035901E /* Description Overlay */ = {
			isa = PBXGroup;
			children = (
				E139B92324E826490035901E /* DescriptionOverlayView.swift */,
				E139B92824E82C070035901E /* DescriptionOverlayDelegate.swift */,
				E156A66C24F5F931005F6F6C /* XIB */,
			);
			path = "Description Overlay";
			sourceTree = "<group>";
		};
		E1477EB62548C7C2006A3008 /* Comments */ = {
			isa = PBXGroup;
			children = (
				E15D6FC124BA5DCD00CC1E0E /* CommentingViewController.swift */,
			);
			path = Comments;
			sourceTree = "<group>";
		};
		E156A66B24F5F923005F6F6C /* XIB */ = {
			isa = PBXGroup;
			children = (
				E1BA897724E18CDC0015C546 /* ChannelVideoOverlay.xib */,
			);
			path = XIB;
			sourceTree = "<group>";
		};
		E156A66C24F5F931005F6F6C /* XIB */ = {
			isa = PBXGroup;
			children = (
				E139B92524E826B10035901E /* DescriptionOverlay.xib */,
			);
			path = XIB;
			sourceTree = "<group>";
		};
		E156A66D24F5F940005F6F6C /* Side Overlay */ = {
			isa = PBXGroup;
			children = (
				E156A66B24F5F923005F6F6C /* XIB */,
				E1BA897624E18CDC0015C546 /* OverlayView.swift */,
				E17C5EF724E6A99000D1E079 /* OverlayViewDelegate.swift */,
			);
			path = "Side Overlay";
			sourceTree = "<group>";
		};
		E15D6FC524BA5E4C00CC1E0E /* Storyboards */ = {
			isa = PBXGroup;
			children = (
				E1DF6FA4244F578700E11BF9 /* LaunchScreen.storyboard */,
				E1DF6F71244F550300E11BF9 /* Main.storyboard */,
				E181F853264DE35000446AFA /* 2FASettings.storyboard */,
				E15D6FC324BA5E3F00CC1E0E /* CommentBoard.storyboard */,
				E181F84C264B4A5B00446AFA /* OTPBoard.storyboard */,
			);
			path = Storyboards;
			sourceTree = "<group>";
		};
		E1620542264DFB8100F62613 /* OTP */ = {
			isa = PBXGroup;
			children = (
				E162053C264DFB1700F62613 /* EnableOTPViewController.swift */,
				E162053E264DFB2900F62613 /* EnableOTP2ViewController.swift */,
				E1620540264DFB7A00F62613 /* DisableOTPViewController.swift */,
			);
			path = OTP;
			sourceTree = "<group>";
		};
		E181F850264B4C8F00446AFA /* Auth Controllers */ = {
			isa = PBXGroup;
			children = (
				E181F84E264B4C8200446AFA /* OTPViewController.swift */,
				E1EBD0BA2453A18B00FE901F /* AuthenticateViewController.swift */,
				E12808CC245659D6001BF3F3 /* SignupViewController.swift */,
			);
			path = "Auth Controllers";
			sourceTree = "<group>";
		};
		E19413C12545C7540037D650 /* Comment */ = {
			isa = PBXGroup;
			children = (
				596AEE4624E89174002531C0 /* CommentCell.swift */,
				E13515CB25492078000437CB /* CommentCellDelegate.swift */,
				E1477EB12548C64C006A3008 /* ReplyTableViewCell.swift */,
			);
			path = Comment;
			sourceTree = "<group>";
		};
		E196F5F224A8D589001BE742 /* Cells */ = {
			isa = PBXGroup;
			children = (
				E19413C12545C7540037D650 /* Comment */,
				E1C3D95524BB977600323427 /* Channel */,
				E13848CF24C87E1C00232C7B /* Search */,
				E1104EC52511649F00B52A11 /* Notifications */,
			);
			path = Cells;
			sourceTree = "<group>";
		};
		E196F5F324A8D5AE001BE742 /* Recording Related Views */ = {
			isa = PBXGroup;
			children = (
				E1DF6FB8244F5DBD00E11BF9 /* RecordViewController.swift */,
				E1F28473247C19CE009F8B0B /* UploadDetailsViewController.swift */,
				E1D92C9724732D6700EDABAA /* VideoPlaybackViewController.swift */,
			);
			path = "Recording Related Views";
			sourceTree = "<group>";
		};
		E196F5F424A8D5E4001BE742 /* Channels */ = {
			isa = PBXGroup;
			children = (
				E139685524D3539700F01FDE /* Video */,
				E125D328256706A3005E4E27 /* Channel */,
				E125D32725670688005E4E27 /* Follower + Following */,
			);
			path = Channels;
			sourceTree = "<group>";
		};
		E196F5F524A8D626001BE742 /* Settings */ = {
			isa = PBXGroup;
			children = (
				E1620542264DFB8100F62613 /* OTP */,
				E110886A247031B500B9AA32 /* AccountSettingsViewController.swift */,
				E1EBD0B8245377E800FE901F /* SettingsViewController.swift */,
			);
			path = Settings;
			sourceTree = "<group>";
		};
		E1BA897424E18C680015C546 /* Overlays */ = {
			isa = PBXGroup;
			children = (
				E156A66D24F5F940005F6F6C /* Side Overlay */,
				E139B92724E826D20035901E /* Description Overlay */,
			);
			path = Overlays;
			sourceTree = "<group>";
		};
		E1C3D95524BB977600323427 /* Channel */ = {
			isa = PBXGroup;
			children = (
				596AEE4524E89143002531C0 /* Channel Video */,
				596AEE4424E89114002531C0 /* Follower + Following */,
			);
			path = Channel;
			sourceTree = "<group>";
		};
		E1DF6F5D244F550300E11BF9 = {
			isa = PBXGroup;
			children = (
				E1EBD0BC2453A1CE00FE901F /* CHANGELOG.md */,
				E1DF6F68244F550300E11BF9 /* Blurred-ios */,
				E1DF6F84244F550600E11BF9 /* Blurred-iosTests */,
				E1DF6F8F244F550700E11BF9 /* Blurred-iosUITests */,
				6F43770AC0D498D027D073B3 /* Frameworks */,
				15B5D27D935DD3C520B2F0DE /* Pods */,
				E1DF6F67244F550300E11BF9 /* Products */,
			);
			sourceTree = "<group>";
		};
		E1DF6F67244F550300E11BF9 /* Products */ = {
			isa = PBXGroup;
			children = (
				E1DF6F66244F550300E11BF9 /* Blurred.app */,
				E1DF6F81244F550600E11BF9 /* Blurred-iosTests.xctest */,
				E1DF6F8C244F550700E11BF9 /* Blurred-iosUITests.xctest */,
			);
			name = Products;
			sourceTree = "<group>";
		};
		E1DF6F68244F550300E11BF9 /* Blurred-ios */ = {
			isa = PBXGroup;
			children = (
				E181F850264B4C8F00446AFA /* Auth Controllers */,
				E196F5F224A8D589001BE742 /* Cells */,
				E196F5F424A8D5E4001BE742 /* Channels */,
				590D20AB24EDAEA300109359 /* Nodes */,
				E196F5F324A8D5AE001BE742 /* Recording Related Views */,
				E15D6FC524BA5E4C00CC1E0E /* Storyboards */,
				E196F5F524A8D626001BE742 /* Settings */,
				5B2527AD2484388C0014F6CA /* Assets.xcassets */,
				E1DF6F69244F550300E11BF9 /* AppDelegate.swift */,
				E1E6F163261674C800783952 /* Blurred.entitlements */,
				E1DF6F74244F550300E11BF9 /* Blurred_ios.xcdatamodeld */,
				E19286EB24D72F1B00382D98 /* Blurred-ios-Bridging-Header.h */,
				E1BA897024E0427A0015C546 /* CacheManager.swift */,
				E179F01425E4AB5A003E14F2 /* ColorHexConverter.swift */,
				E1DF6F6D244F550300E11BF9 /* HomeViewController.swift */,
				E125D30D2566E15D005E4E27 /* ImagePublisher.swift */,
				E1DF6F7C244F550600E11BF9 /* Info.plist */,
				E181026925682A3200CA4522 /* MainTabBarViewController.swift */,
				E1DF6FBA244F5DCE00E11BF9 /* NotificationsViewController.swift */,
				E1DF6F6F244F550300E11BF9 /* SearchViewController.swift */,
				E1D8C895246F119000F1EAD1 /* Settings.bundle */,
				E139B92A24E871DF0035901E /* Throttler.swift */,
				E18C73972638DF620046A845 /* Reachability.swift */,
			);
			path = "Blurred-ios";
			sourceTree = "<group>";
		};
		E1DF6F84244F550600E11BF9 /* Blurred-iosTests */ = {
			isa = PBXGroup;
			children = (
				E1DF6F85244F550600E11BF9 /* Blurred_iosTests.swift */,
				E1DF6F87244F550600E11BF9 /* Info.plist */,
			);
			path = "Blurred-iosTests";
			sourceTree = "<group>";
		};
		E1DF6F8F244F550700E11BF9 /* Blurred-iosUITests */ = {
			isa = PBXGroup;
			children = (
				E1DF6F90244F550700E11BF9 /* Blurred_iosUITests.swift */,
				E1DF6F92244F550700E11BF9 /* Info.plist */,
			);
			path = "Blurred-iosUITests";
			sourceTree = "<group>";
		};
/* End PBXGroup section */

/* Begin PBXNativeTarget section */
		E1DF6F65244F550300E11BF9 /* Blurred-ios */ = {
			isa = PBXNativeTarget;
			buildConfigurationList = E1DF6F95244F550700E11BF9 /* Build configuration list for PBXNativeTarget "Blurred-ios" */;
			buildPhases = (
				9696E8A0ECE6D65E0073E52B /* [CP] Check Pods Manifest.lock */,
				E1DF6F62244F550300E11BF9 /* Sources */,
				E1DF6F63244F550300E11BF9 /* Frameworks */,
				E1DF6F64244F550300E11BF9 /* Resources */,
				B44D62B56F96016AAC8BED6C /* [CP] Embed Pods Frameworks */,
				E1611F7226253E5500DA84BA /* Embed App Extensions */,
			);
			buildRules = (
			);
			dependencies = (
			);
			name = "Blurred-ios";
			productName = "Blurred-ios";
			productReference = E1DF6F66244F550300E11BF9 /* Blurred.app */;
			productType = "com.apple.product-type.application";
		};
		E1DF6F80244F550600E11BF9 /* Blurred-iosTests */ = {
			isa = PBXNativeTarget;
			buildConfigurationList = E1DF6F98244F550700E11BF9 /* Build configuration list for PBXNativeTarget "Blurred-iosTests" */;
			buildPhases = (
				E93D7CEFBC2972A86F399557 /* [CP] Check Pods Manifest.lock */,
				E1DF6F7D244F550600E11BF9 /* Sources */,
				E1DF6F7E244F550600E11BF9 /* Frameworks */,
				E1DF6F7F244F550600E11BF9 /* Resources */,
			);
			buildRules = (
			);
			dependencies = (
				E1DF6F83244F550600E11BF9 /* PBXTargetDependency */,
			);
			name = "Blurred-iosTests";
			productName = "Blurred-iosTests";
			productReference = E1DF6F81244F550600E11BF9 /* Blurred-iosTests.xctest */;
			productType = "com.apple.product-type.bundle.unit-test";
		};
		E1DF6F8B244F550700E11BF9 /* Blurred-iosUITests */ = {
			isa = PBXNativeTarget;
			buildConfigurationList = E1DF6F9B244F550700E11BF9 /* Build configuration list for PBXNativeTarget "Blurred-iosUITests" */;
			buildPhases = (
				A2BA6725F67F02644D8E1925 /* [CP] Check Pods Manifest.lock */,
				E1DF6F88244F550700E11BF9 /* Sources */,
				E1DF6F89244F550700E11BF9 /* Frameworks */,
				E1DF6F8A244F550700E11BF9 /* Resources */,
				8DB52694DF373E1DF231B94F /* [CP] Embed Pods Frameworks */,
			);
			buildRules = (
			);
			dependencies = (
				E1DF6F8E244F550700E11BF9 /* PBXTargetDependency */,
			);
			name = "Blurred-iosUITests";
			productName = "Blurred-iosUITests";
			productReference = E1DF6F8C244F550700E11BF9 /* Blurred-iosUITests.xctest */;
			productType = "com.apple.product-type.bundle.ui-testing";
		};
/* End PBXNativeTarget section */

/* Begin PBXProject section */
		E1DF6F5E244F550300E11BF9 /* Project object */ = {
			isa = PBXProject;
			attributes = {
				LastSwiftUpdateCheck = 1250;
				LastUpgradeCheck = 1200;
				ORGANIZATIONNAME = BlurrMC;
				TargetAttributes = {
					E1DF6F65244F550300E11BF9 = {
						CreatedOnToolsVersion = 11.4.1;
						LastSwiftMigration = 1200;
					};
					E1DF6F80244F550600E11BF9 = {
						CreatedOnToolsVersion = 11.4.1;
						TestTargetID = E1DF6F65244F550300E11BF9;
					};
					E1DF6F8B244F550700E11BF9 = {
						CreatedOnToolsVersion = 11.4.1;
						TestTargetID = E1DF6F65244F550300E11BF9;
					};
				};
			};
			buildConfigurationList = E1DF6F61244F550300E11BF9 /* Build configuration list for PBXProject "Blurred-ios" */;
			compatibilityVersion = "Xcode 11.4";
			developmentRegion = en;
			hasScannedForEncodings = 0;
			knownRegions = (
				en,
				Base,
			);
			mainGroup = E1DF6F5D244F550300E11BF9;
			productRefGroup = E1DF6F67244F550300E11BF9 /* Products */;
			projectDirPath = "";
			projectRoot = "";
			targets = (
				E1DF6F65244F550300E11BF9 /* Blurred-ios */,
				E1DF6F80244F550600E11BF9 /* Blurred-iosTests */,
				E1DF6F8B244F550700E11BF9 /* Blurred-iosUITests */,
			);
		};
/* End PBXProject section */

/* Begin PBXResourcesBuildPhase section */
		E1DF6F64244F550300E11BF9 /* Resources */ = {
			isa = PBXResourcesBuildPhase;
			buildActionMask = 2147483647;
			files = (
				E1D8C896246F119000F1EAD1 /* Settings.bundle in Resources */,
				E15D6FC424BA5E3F00CC1E0E /* CommentBoard.storyboard in Resources */,
				E1DF6FA5244F578700E11BF9 /* LaunchScreen.storyboard in Resources */,
				5B2527AE2484388C0014F6CA /* Assets.xcassets in Resources */,
				E181F854264DE35000446AFA /* 2FASettings.storyboard in Resources */,
				E1BA897924E18CDC0015C546 /* ChannelVideoOverlay.xib in Resources */,
				E181F84D264B4A5B00446AFA /* OTPBoard.storyboard in Resources */,
				E1DF6F73244F550300E11BF9 /* Main.storyboard in Resources */,
				E139B92624E826B10035901E /* DescriptionOverlay.xib in Resources */,
			);
			runOnlyForDeploymentPostprocessing = 0;
		};
		E1DF6F7F244F550600E11BF9 /* Resources */ = {
			isa = PBXResourcesBuildPhase;
			buildActionMask = 2147483647;
			files = (
			);
			runOnlyForDeploymentPostprocessing = 0;
		};
		E1DF6F8A244F550700E11BF9 /* Resources */ = {
			isa = PBXResourcesBuildPhase;
			buildActionMask = 2147483647;
			files = (
			);
			runOnlyForDeploymentPostprocessing = 0;
		};
/* End PBXResourcesBuildPhase section */

/* Begin PBXShellScriptBuildPhase section */
		8DB52694DF373E1DF231B94F /* [CP] Embed Pods Frameworks */ = {
			isa = PBXShellScriptBuildPhase;
			buildActionMask = 2147483647;
			files = (
			);
			inputFileListPaths = (
				"${PODS_ROOT}/Target Support Files/Pods-Blurred-ios-Blurred-iosUITests/Pods-Blurred-ios-Blurred-iosUITests-frameworks-${CONFIGURATION}-input-files.xcfilelist",
			);
			name = "[CP] Embed Pods Frameworks";
			outputFileListPaths = (
				"${PODS_ROOT}/Target Support Files/Pods-Blurred-ios-Blurred-iosUITests/Pods-Blurred-ios-Blurred-iosUITests-frameworks-${CONFIGURATION}-output-files.xcfilelist",
			);
			runOnlyForDeploymentPostprocessing = 0;
			shellPath = /bin/sh;
			shellScript = "\"${PODS_ROOT}/Target Support Files/Pods-Blurred-ios-Blurred-iosUITests/Pods-Blurred-ios-Blurred-iosUITests-frameworks.sh\"\n";
			showEnvVarsInLog = 0;
		};
		9696E8A0ECE6D65E0073E52B /* [CP] Check Pods Manifest.lock */ = {
			isa = PBXShellScriptBuildPhase;
			buildActionMask = 2147483647;
			files = (
			);
			inputFileListPaths = (
			);
			inputPaths = (
				"${PODS_PODFILE_DIR_PATH}/Podfile.lock",
				"${PODS_ROOT}/Manifest.lock",
			);
			name = "[CP] Check Pods Manifest.lock";
			outputFileListPaths = (
			);
			outputPaths = (
				"$(DERIVED_FILE_DIR)/Pods-Blurred-ios-checkManifestLockResult.txt",
			);
			runOnlyForDeploymentPostprocessing = 0;
			shellPath = /bin/sh;
			shellScript = "diff \"${PODS_PODFILE_DIR_PATH}/Podfile.lock\" \"${PODS_ROOT}/Manifest.lock\" > /dev/null\nif [ $? != 0 ] ; then\n    # print error to STDERR\n    echo \"error: The sandbox is not in sync with the Podfile.lock. Run 'pod install' or update your CocoaPods installation.\" >&2\n    exit 1\nfi\n# This output is used by Xcode 'outputs' to avoid re-running this script phase.\necho \"SUCCESS\" > \"${SCRIPT_OUTPUT_FILE_0}\"\n";
			showEnvVarsInLog = 0;
		};
		A2BA6725F67F02644D8E1925 /* [CP] Check Pods Manifest.lock */ = {
			isa = PBXShellScriptBuildPhase;
			buildActionMask = 2147483647;
			files = (
			);
			inputFileListPaths = (
			);
			inputPaths = (
				"${PODS_PODFILE_DIR_PATH}/Podfile.lock",
				"${PODS_ROOT}/Manifest.lock",
			);
			name = "[CP] Check Pods Manifest.lock";
			outputFileListPaths = (
			);
			outputPaths = (
				"$(DERIVED_FILE_DIR)/Pods-Blurred-ios-Blurred-iosUITests-checkManifestLockResult.txt",
			);
			runOnlyForDeploymentPostprocessing = 0;
			shellPath = /bin/sh;
			shellScript = "diff \"${PODS_PODFILE_DIR_PATH}/Podfile.lock\" \"${PODS_ROOT}/Manifest.lock\" > /dev/null\nif [ $? != 0 ] ; then\n    # print error to STDERR\n    echo \"error: The sandbox is not in sync with the Podfile.lock. Run 'pod install' or update your CocoaPods installation.\" >&2\n    exit 1\nfi\n# This output is used by Xcode 'outputs' to avoid re-running this script phase.\necho \"SUCCESS\" > \"${SCRIPT_OUTPUT_FILE_0}\"\n";
			showEnvVarsInLog = 0;
		};
		B44D62B56F96016AAC8BED6C /* [CP] Embed Pods Frameworks */ = {
			isa = PBXShellScriptBuildPhase;
			buildActionMask = 2147483647;
			files = (
			);
			inputFileListPaths = (
				"${PODS_ROOT}/Target Support Files/Pods-Blurred-ios/Pods-Blurred-ios-frameworks-${CONFIGURATION}-input-files.xcfilelist",
			);
			name = "[CP] Embed Pods Frameworks";
			outputFileListPaths = (
				"${PODS_ROOT}/Target Support Files/Pods-Blurred-ios/Pods-Blurred-ios-frameworks-${CONFIGURATION}-output-files.xcfilelist",
			);
			runOnlyForDeploymentPostprocessing = 0;
			shellPath = /bin/sh;
			shellScript = "\"${PODS_ROOT}/Target Support Files/Pods-Blurred-ios/Pods-Blurred-ios-frameworks.sh\"\n";
			showEnvVarsInLog = 0;
		};
		E93D7CEFBC2972A86F399557 /* [CP] Check Pods Manifest.lock */ = {
			isa = PBXShellScriptBuildPhase;
			buildActionMask = 2147483647;
			files = (
			);
			inputFileListPaths = (
			);
			inputPaths = (
				"${PODS_PODFILE_DIR_PATH}/Podfile.lock",
				"${PODS_ROOT}/Manifest.lock",
			);
			name = "[CP] Check Pods Manifest.lock";
			outputFileListPaths = (
			);
			outputPaths = (
				"$(DERIVED_FILE_DIR)/Pods-Blurred-iosTests-checkManifestLockResult.txt",
			);
			runOnlyForDeploymentPostprocessing = 0;
			shellPath = /bin/sh;
			shellScript = "diff \"${PODS_PODFILE_DIR_PATH}/Podfile.lock\" \"${PODS_ROOT}/Manifest.lock\" > /dev/null\nif [ $? != 0 ] ; then\n    # print error to STDERR\n    echo \"error: The sandbox is not in sync with the Podfile.lock. Run 'pod install' or update your CocoaPods installation.\" >&2\n    exit 1\nfi\n# This output is used by Xcode 'outputs' to avoid re-running this script phase.\necho \"SUCCESS\" > \"${SCRIPT_OUTPUT_FILE_0}\"\n";
			showEnvVarsInLog = 0;
		};
/* End PBXShellScriptBuildPhase section */

/* Begin PBXSourcesBuildPhase section */
		E1DF6F62244F550300E11BF9 /* Sources */ = {
			isa = PBXSourcesBuildPhase;
			buildActionMask = 2147483647;
			files = (
				E1DF6F70244F550300E11BF9 /* SearchViewController.swift in Sources */,
				594B8BD024E41793002D620D /* SearchCell.swift in Sources */,
				E162053F264DFB2900F62613 /* EnableOTP2ViewController.swift in Sources */,
				E1DF6F76244F550300E11BF9 /* Blurred_ios.xcdatamodeld in Sources */,
				E189D855247F03D500B09F29 /* ChannelVideoViewController.swift in Sources */,
				E139B92924E82C070035901E /* DescriptionOverlayDelegate.swift in Sources */,
				E1F28474247C19CE009F8B0B /* UploadDetailsViewController.swift in Sources */,
				E1D92C9824732D6700EDABAA /* VideoPlaybackViewController.swift in Sources */,
				E146ACF12474188700D3ED10 /* OtherChannelViewController.swift in Sources */,
				E1DF6F6E244F550300E11BF9 /* HomeViewController.swift in Sources */,
				E146ACF9247441F100D3ED10 /* OtherFollowingCell.swift in Sources */,
				E1BA897824E18CDC0015C546 /* OverlayView.swift in Sources */,
				E1EBD0B9245377E800FE901F /* SettingsViewController.swift in Sources */,
				E179F01525E4AB5A003E14F2 /* ColorHexConverter.swift in Sources */,
				E1BA897124E0427A0015C546 /* CacheManager.swift in Sources */,
				E1C406DC2482853F004345BE /* OtherChannelVideoCell.swift in Sources */,
				E139B92B24E871DF0035901E /* Throttler.swift in Sources */,
				E1104EC12511649800B52A11 /* NotificationsTableViewCell.swift in Sources */,
				E1EBD0BB2453A18B00FE901F /* AuthenticateViewController.swift in Sources */,
				E1EC52E82481A6380086C993 /* ChannelVideoCell.swift in Sources */,
				E1187D5A24ACB7DE00F7BFB6 /* SearchVideoCell.swift in Sources */,
				E162053D264DFB1700F62613 /* EnableOTPViewController.swift in Sources */,
				E181F84F264B4C8200446AFA /* OTPViewController.swift in Sources */,
				E110886B247031B500B9AA32 /* AccountSettingsViewController.swift in Sources */,
				596AEE4724E89174002531C0 /* CommentCell.swift in Sources */,
				E1620541264DFB7A00F62613 /* DisableOTPViewController.swift in Sources */,
				E1DF6FB9244F5DBD00E11BF9 /* RecordViewController.swift in Sources */,
				E1477EB22548C64C006A3008 /* ReplyTableViewCell.swift in Sources */,
				E146ACF52474255D00D3ED10 /* OtherFollowListViewController.swift in Sources */,
				E12808CD245659D6001BF3F3 /* SignupViewController.swift in Sources */,
				E146ACF32474254400D3ED10 /* OtherFollowerListViewController.swift in Sources */,
				E1DF6F6A244F550300E11BF9 /* AppDelegate.swift in Sources */,
				E146ACF7247441DE00D3ED10 /* OtherFollowerCell.swift in Sources */,
				E125D30E2566E15D005E4E27 /* ImagePublisher.swift in Sources */,
				E181026A25682A3200CA4522 /* MainTabBarViewController.swift in Sources */,
				E139685424D34F4700F01FDE /* ChannelVideoCellNode.swift in Sources */,
				E1DF6FBB244F5DCE00E11BF9 /* NotificationsViewController.swift in Sources */,
				E13515CC25492078000437CB /* CommentCellDelegate.swift in Sources */,
				E139B92424E826490035901E /* DescriptionOverlayView.swift in Sources */,
				E17C5EF824E6A99000D1E079 /* OverlayViewDelegate.swift in Sources */,
				E1DF6FBD244F5DE300E11BF9 /* ChannelViewController.swift in Sources */,
				E15D6FC224BA5DCD00CC1E0E /* CommentingViewController.swift in Sources */,
				E18C73982638DF620046A845 /* Reachability.swift in Sources */,
			);
			runOnlyForDeploymentPostprocessing = 0;
		};
		E1DF6F7D244F550600E11BF9 /* Sources */ = {
			isa = PBXSourcesBuildPhase;
			buildActionMask = 2147483647;
			files = (
				E1DF6F86244F550600E11BF9 /* Blurred_iosTests.swift in Sources */,
			);
			runOnlyForDeploymentPostprocessing = 0;
		};
		E1DF6F88244F550700E11BF9 /* Sources */ = {
			isa = PBXSourcesBuildPhase;
			buildActionMask = 2147483647;
			files = (
				E1DF6F91244F550700E11BF9 /* Blurred_iosUITests.swift in Sources */,
			);
			runOnlyForDeploymentPostprocessing = 0;
		};
/* End PBXSourcesBuildPhase section */

/* Begin PBXTargetDependency section */
		E1DF6F83244F550600E11BF9 /* PBXTargetDependency */ = {
			isa = PBXTargetDependency;
			target = E1DF6F65244F550300E11BF9 /* Blurred-ios */;
			targetProxy = E1DF6F82244F550600E11BF9 /* PBXContainerItemProxy */;
		};
		E1DF6F8E244F550700E11BF9 /* PBXTargetDependency */ = {
			isa = PBXTargetDependency;
			target = E1DF6F65244F550300E11BF9 /* Blurred-ios */;
			targetProxy = E1DF6F8D244F550700E11BF9 /* PBXContainerItemProxy */;
		};
/* End PBXTargetDependency section */

/* Begin PBXVariantGroup section */
		E1DF6F71244F550300E11BF9 /* Main.storyboard */ = {
			isa = PBXVariantGroup;
			children = (
				E1DF6F72244F550300E11BF9 /* Base */,
			);
			name = Main.storyboard;
			sourceTree = "<group>";
		};
/* End PBXVariantGroup section */

/* Begin XCBuildConfiguration section */
		E1DF6F93244F550700E11BF9 /* Debug */ = {
			isa = XCBuildConfiguration;
			buildSettings = {
				ALWAYS_SEARCH_USER_PATHS = NO;
				CLANG_ANALYZER_NONNULL = YES;
				CLANG_ANALYZER_NUMBER_OBJECT_CONVERSION = YES_AGGRESSIVE;
				CLANG_CXX_LANGUAGE_STANDARD = "gnu++14";
				CLANG_CXX_LIBRARY = "libc++";
				CLANG_ENABLE_MODULES = YES;
				CLANG_ENABLE_OBJC_ARC = YES;
				CLANG_ENABLE_OBJC_WEAK = YES;
				CLANG_WARN_BLOCK_CAPTURE_AUTORELEASING = YES;
				CLANG_WARN_BOOL_CONVERSION = YES;
				CLANG_WARN_COMMA = YES;
				CLANG_WARN_CONSTANT_CONVERSION = YES;
				CLANG_WARN_DEPRECATED_OBJC_IMPLEMENTATIONS = YES;
				CLANG_WARN_DIRECT_OBJC_ISA_USAGE = YES_ERROR;
				CLANG_WARN_DOCUMENTATION_COMMENTS = YES;
				CLANG_WARN_EMPTY_BODY = YES;
				CLANG_WARN_ENUM_CONVERSION = YES;
				CLANG_WARN_INFINITE_RECURSION = YES;
				CLANG_WARN_INT_CONVERSION = YES;
				CLANG_WARN_NON_LITERAL_NULL_CONVERSION = YES;
				CLANG_WARN_OBJC_IMPLICIT_RETAIN_SELF = YES;
				CLANG_WARN_OBJC_LITERAL_CONVERSION = YES;
				CLANG_WARN_OBJC_ROOT_CLASS = YES_ERROR;
				CLANG_WARN_QUOTED_INCLUDE_IN_FRAMEWORK_HEADER = YES;
				CLANG_WARN_RANGE_LOOP_ANALYSIS = YES;
				CLANG_WARN_STRICT_PROTOTYPES = YES;
				CLANG_WARN_SUSPICIOUS_MOVE = YES;
				CLANG_WARN_UNGUARDED_AVAILABILITY = YES_AGGRESSIVE;
				CLANG_WARN_UNREACHABLE_CODE = YES;
				CLANG_WARN__DUPLICATE_METHOD_MATCH = YES;
				COPY_PHASE_STRIP = NO;
				DEBUG_INFORMATION_FORMAT = dwarf;
				ENABLE_STRICT_OBJC_MSGSEND = YES;
				ENABLE_TESTABILITY = YES;
				FRAMEWORK_SEARCH_PATHS = "$(inherited)";
				GCC_C_LANGUAGE_STANDARD = gnu11;
				GCC_DYNAMIC_NO_PIC = NO;
				GCC_NO_COMMON_BLOCKS = YES;
				GCC_OPTIMIZATION_LEVEL = 0;
				GCC_PREPROCESSOR_DEFINITIONS = (
					"DEBUG=1",
					"$(inherited)",
				);
				GCC_WARN_64_TO_32_BIT_CONVERSION = YES;
				GCC_WARN_ABOUT_RETURN_TYPE = YES_ERROR;
				GCC_WARN_UNDECLARED_SELECTOR = YES;
				GCC_WARN_UNINITIALIZED_AUTOS = YES_AGGRESSIVE;
				GCC_WARN_UNUSED_FUNCTION = YES;
				GCC_WARN_UNUSED_VARIABLE = YES;
				IPHONEOS_DEPLOYMENT_TARGET = 14.0;
				MTL_ENABLE_DEBUG_INFO = INCLUDE_SOURCE;
				MTL_FAST_MATH = YES;
				ONLY_ACTIVE_ARCH = YES;
				SDKROOT = iphoneos;
				SWIFT_ACTIVE_COMPILATION_CONDITIONS = DEBUG;
				SWIFT_OPTIMIZATION_LEVEL = "-Onone";
			};
			name = Debug;
		};
		E1DF6F94244F550700E11BF9 /* Release */ = {
			isa = XCBuildConfiguration;
			buildSettings = {
				ALWAYS_SEARCH_USER_PATHS = NO;
				CLANG_ANALYZER_NONNULL = YES;
				CLANG_ANALYZER_NUMBER_OBJECT_CONVERSION = YES_AGGRESSIVE;
				CLANG_CXX_LANGUAGE_STANDARD = "gnu++14";
				CLANG_CXX_LIBRARY = "libc++";
				CLANG_ENABLE_MODULES = YES;
				CLANG_ENABLE_OBJC_ARC = YES;
				CLANG_ENABLE_OBJC_WEAK = YES;
				CLANG_WARN_BLOCK_CAPTURE_AUTORELEASING = YES;
				CLANG_WARN_BOOL_CONVERSION = YES;
				CLANG_WARN_COMMA = YES;
				CLANG_WARN_CONSTANT_CONVERSION = YES;
				CLANG_WARN_DEPRECATED_OBJC_IMPLEMENTATIONS = YES;
				CLANG_WARN_DIRECT_OBJC_ISA_USAGE = YES_ERROR;
				CLANG_WARN_DOCUMENTATION_COMMENTS = YES;
				CLANG_WARN_EMPTY_BODY = YES;
				CLANG_WARN_ENUM_CONVERSION = YES;
				CLANG_WARN_INFINITE_RECURSION = YES;
				CLANG_WARN_INT_CONVERSION = YES;
				CLANG_WARN_NON_LITERAL_NULL_CONVERSION = YES;
				CLANG_WARN_OBJC_IMPLICIT_RETAIN_SELF = YES;
				CLANG_WARN_OBJC_LITERAL_CONVERSION = YES;
				CLANG_WARN_OBJC_ROOT_CLASS = YES_ERROR;
				CLANG_WARN_QUOTED_INCLUDE_IN_FRAMEWORK_HEADER = YES;
				CLANG_WARN_RANGE_LOOP_ANALYSIS = YES;
				CLANG_WARN_STRICT_PROTOTYPES = YES;
				CLANG_WARN_SUSPICIOUS_MOVE = YES;
				CLANG_WARN_UNGUARDED_AVAILABILITY = YES_AGGRESSIVE;
				CLANG_WARN_UNREACHABLE_CODE = YES;
				CLANG_WARN__DUPLICATE_METHOD_MATCH = YES;
				COPY_PHASE_STRIP = NO;
				DEBUG_INFORMATION_FORMAT = "dwarf-with-dsym";
				ENABLE_NS_ASSERTIONS = NO;
				ENABLE_STRICT_OBJC_MSGSEND = YES;
				FRAMEWORK_SEARCH_PATHS = "$(inherited)";
				GCC_C_LANGUAGE_STANDARD = gnu11;
				GCC_NO_COMMON_BLOCKS = YES;
				GCC_WARN_64_TO_32_BIT_CONVERSION = YES;
				GCC_WARN_ABOUT_RETURN_TYPE = YES_ERROR;
				GCC_WARN_UNDECLARED_SELECTOR = YES;
				GCC_WARN_UNINITIALIZED_AUTOS = YES_AGGRESSIVE;
				GCC_WARN_UNUSED_FUNCTION = YES;
				GCC_WARN_UNUSED_VARIABLE = YES;
				IPHONEOS_DEPLOYMENT_TARGET = 14.0;
				MTL_ENABLE_DEBUG_INFO = NO;
				MTL_FAST_MATH = YES;
				SDKROOT = iphoneos;
				SWIFT_COMPILATION_MODE = wholemodule;
				SWIFT_OPTIMIZATION_LEVEL = "-O";
				VALIDATE_PRODUCT = YES;
			};
			name = Release;
		};
		E1DF6F96244F550700E11BF9 /* Debug */ = {
			isa = XCBuildConfiguration;
			baseConfigurationReference = F41306D471E35B036F6E30B7 /* Pods-Blurred-ios.debug.xcconfig */;
			buildSettings = {
				ASSETCATALOG_COMPILER_APPICON_NAME = AppIcon;
				CLANG_ENABLE_MODULES = YES;
				CODE_SIGN_ENTITLEMENTS = "Blurred-ios/Blurred.entitlements";
				CODE_SIGN_IDENTITY = "Apple Development";
				CODE_SIGN_STYLE = Automatic;
				CURRENT_PROJECT_VERSION = 1;
				DEVELOPMENT_TEAM = 693PKCRWW3;
				FRAMEWORK_SEARCH_PATHS = (
					"$(inherited)",
					"\"${PODS_CONFIGURATION_BUILD_DIR}/Alamofire\"",
					"\"${PODS_CONFIGURATION_BUILD_DIR}/NextLevel\"",
					"\"${PODS_CONFIGURATION_BUILD_DIR}/Nuke\"",
					"\"${PODS_CONFIGURATION_BUILD_DIR}/PINCache\"",
					"\"${PODS_CONFIGURATION_BUILD_DIR}/PINOperation\"",
					"\"${PODS_CONFIGURATION_BUILD_DIR}/PINRemoteImage\"",
					"\"${PODS_CONFIGURATION_BUILD_DIR}/Texture\"",
					"\"${PODS_CONFIGURATION_BUILD_DIR}/Valet\"",
				);
				INFOPLIST_FILE = "Blurred-ios/Info.plist";
				IPHONEOS_DEPLOYMENT_TARGET = 14.0;
				LD_RUNPATH_SEARCH_PATHS = (
					"$(inherited)",
					"@executable_path/Frameworks",
				);
				MARKETING_VERSION = 1.0A;
				PRODUCT_BUNDLE_IDENTIFIER = com.blurrmc.blurrmc;
				PRODUCT_NAME = Blurred;
				PROVISIONING_PROFILE_SPECIFIER = "";
				SUPPORTS_MACCATALYST = NO;
				SWIFT_OBJC_BRIDGING_HEADER = "Blurred-ios/Blurred-ios-Bridging-Header.h";
				SWIFT_OPTIMIZATION_LEVEL = "-Onone";
				SWIFT_VERSION = 5.0;
				TARGETED_DEVICE_FAMILY = 1;
			};
			name = Debug;
		};
		E1DF6F97244F550700E11BF9 /* Release */ = {
			isa = XCBuildConfiguration;
			baseConfigurationReference = E506893DA9FC7FA3C7672E2C /* Pods-Blurred-ios.release.xcconfig */;
			buildSettings = {
				ASSETCATALOG_COMPILER_APPICON_NAME = AppIcon;
				CLANG_ENABLE_MODULES = YES;
				CODE_SIGN_ENTITLEMENTS = "Blurred-ios/Blurred.entitlements";
				CODE_SIGN_IDENTITY = "Apple Development";
				CODE_SIGN_STYLE = Automatic;
				CURRENT_PROJECT_VERSION = 1;
				DEVELOPMENT_TEAM = 693PKCRWW3;
				FRAMEWORK_SEARCH_PATHS = (
					"$(inherited)",
					"\"${PODS_CONFIGURATION_BUILD_DIR}/Alamofire\"",
					"\"${PODS_CONFIGURATION_BUILD_DIR}/NextLevel\"",
					"\"${PODS_CONFIGURATION_BUILD_DIR}/Nuke\"",
					"\"${PODS_CONFIGURATION_BUILD_DIR}/PINCache\"",
					"\"${PODS_CONFIGURATION_BUILD_DIR}/PINOperation\"",
					"\"${PODS_CONFIGURATION_BUILD_DIR}/PINRemoteImage\"",
					"\"${PODS_CONFIGURATION_BUILD_DIR}/Texture\"",
					"\"${PODS_CONFIGURATION_BUILD_DIR}/Valet\"",
				);
				INFOPLIST_FILE = "Blurred-ios/Info.plist";
				IPHONEOS_DEPLOYMENT_TARGET = 14.0;
				LD_RUNPATH_SEARCH_PATHS = (
					"$(inherited)",
					"@executable_path/Frameworks",
				);
				MARKETING_VERSION = 1.0A;
				PRODUCT_BUNDLE_IDENTIFIER = com.blurrmc.blurrmc;
				PRODUCT_NAME = Blurred;
				PROVISIONING_PROFILE_SPECIFIER = "";
				SUPPORTS_MACCATALYST = NO;
				SWIFT_OBJC_BRIDGING_HEADER = "Blurred-ios/Blurred-ios-Bridging-Header.h";
				SWIFT_VERSION = 5.0;
				TARGETED_DEVICE_FAMILY = 1;
			};
			name = Release;
		};
		E1DF6F99244F550700E11BF9 /* Debug */ = {
			isa = XCBuildConfiguration;
			baseConfigurationReference = 0FD9B289C1FE67D1AB705F3B /* Pods-Blurred-iosTests.debug.xcconfig */;
			buildSettings = {
				ALWAYS_EMBED_SWIFT_STANDARD_LIBRARIES = YES;
				BUNDLE_LOADER = "$(TEST_HOST)";
				CODE_SIGN_STYLE = Automatic;
				DEVELOPMENT_TEAM = 693PKCRWW3;
				INFOPLIST_FILE = "Blurred-iosTests/Info.plist";
				IPHONEOS_DEPLOYMENT_TARGET = 13.4;
				LD_RUNPATH_SEARCH_PATHS = (
					"$(inherited)",
					"@executable_path/Frameworks",
					"@loader_path/Frameworks",
				);
				PRODUCT_BUNDLE_IDENTIFIER = "com.blurrmc.Blurred-iosTests";
				PRODUCT_NAME = "$(TARGET_NAME)";
				SWIFT_VERSION = 5.0;
				TARGETED_DEVICE_FAMILY = "1,2";
				TEST_HOST = "$(BUILT_PRODUCTS_DIR)/Blurred-ios.app/Blurred-ios";
			};
			name = Debug;
		};
		E1DF6F9A244F550700E11BF9 /* Release */ = {
			isa = XCBuildConfiguration;
			baseConfigurationReference = 59303CECF0E6FF74AE914CB6 /* Pods-Blurred-iosTests.release.xcconfig */;
			buildSettings = {
				ALWAYS_EMBED_SWIFT_STANDARD_LIBRARIES = YES;
				BUNDLE_LOADER = "$(TEST_HOST)";
				CODE_SIGN_STYLE = Automatic;
				DEVELOPMENT_TEAM = 693PKCRWW3;
				INFOPLIST_FILE = "Blurred-iosTests/Info.plist";
				IPHONEOS_DEPLOYMENT_TARGET = 13.4;
				LD_RUNPATH_SEARCH_PATHS = (
					"$(inherited)",
					"@executable_path/Frameworks",
					"@loader_path/Frameworks",
				);
				PRODUCT_BUNDLE_IDENTIFIER = "com.blurrmc.Blurred-iosTests";
				PRODUCT_NAME = "$(TARGET_NAME)";
				SWIFT_VERSION = 5.0;
				TARGETED_DEVICE_FAMILY = "1,2";
				TEST_HOST = "$(BUILT_PRODUCTS_DIR)/Blurred-ios.app/Blurred-ios";
			};
			name = Release;
		};
		E1DF6F9C244F550700E11BF9 /* Debug */ = {
			isa = XCBuildConfiguration;
			baseConfigurationReference = 9DC8B456F1A2903F763BF85C /* Pods-Blurred-ios-Blurred-iosUITests.debug.xcconfig */;
			buildSettings = {
				ALWAYS_EMBED_SWIFT_STANDARD_LIBRARIES = YES;
				CODE_SIGN_STYLE = Automatic;
				DEVELOPMENT_TEAM = 693PKCRWW3;
				INFOPLIST_FILE = "Blurred-iosUITests/Info.plist";
				LD_RUNPATH_SEARCH_PATHS = (
					"$(inherited)",
					"@executable_path/Frameworks",
					"@loader_path/Frameworks",
				);
				PRODUCT_BUNDLE_IDENTIFIER = "com.blurrmc.Blurred-iosUITests";
				PRODUCT_NAME = "$(TARGET_NAME)";
				SWIFT_VERSION = 5.0;
				TARGETED_DEVICE_FAMILY = "1,2";
				TEST_TARGET_NAME = "Blurred-ios";
			};
			name = Debug;
		};
		E1DF6F9D244F550700E11BF9 /* Release */ = {
			isa = XCBuildConfiguration;
			baseConfigurationReference = 5CDF210A8E22D0F54481F28D /* Pods-Blurred-ios-Blurred-iosUITests.release.xcconfig */;
			buildSettings = {
				ALWAYS_EMBED_SWIFT_STANDARD_LIBRARIES = YES;
				CODE_SIGN_STYLE = Automatic;
				DEVELOPMENT_TEAM = 693PKCRWW3;
				INFOPLIST_FILE = "Blurred-iosUITests/Info.plist";
				LD_RUNPATH_SEARCH_PATHS = (
					"$(inherited)",
					"@executable_path/Frameworks",
					"@loader_path/Frameworks",
				);
				PRODUCT_BUNDLE_IDENTIFIER = "com.blurrmc.Blurred-iosUITests";
				PRODUCT_NAME = "$(TARGET_NAME)";
				SWIFT_VERSION = 5.0;
				TARGETED_DEVICE_FAMILY = "1,2";
				TEST_TARGET_NAME = "Blurred-ios";
			};
			name = Release;
		};
/* End XCBuildConfiguration section */

/* Begin XCConfigurationList section */
		E1DF6F61244F550300E11BF9 /* Build configuration list for PBXProject "Blurred-ios" */ = {
			isa = XCConfigurationList;
			buildConfigurations = (
				E1DF6F93244F550700E11BF9 /* Debug */,
				E1DF6F94244F550700E11BF9 /* Release */,
			);
			defaultConfigurationIsVisible = 0;
			defaultConfigurationName = Release;
		};
		E1DF6F95244F550700E11BF9 /* Build configuration list for PBXNativeTarget "Blurred-ios" */ = {
			isa = XCConfigurationList;
			buildConfigurations = (
				E1DF6F96244F550700E11BF9 /* Debug */,
				E1DF6F97244F550700E11BF9 /* Release */,
			);
			defaultConfigurationIsVisible = 0;
			defaultConfigurationName = Release;
		};
		E1DF6F98244F550700E11BF9 /* Build configuration list for PBXNativeTarget "Blurred-iosTests" */ = {
			isa = XCConfigurationList;
			buildConfigurations = (
				E1DF6F99244F550700E11BF9 /* Debug */,
				E1DF6F9A244F550700E11BF9 /* Release */,
			);
			defaultConfigurationIsVisible = 0;
			defaultConfigurationName = Release;
		};
		E1DF6F9B244F550700E11BF9 /* Build configuration list for PBXNativeTarget "Blurred-iosUITests" */ = {
			isa = XCConfigurationList;
			buildConfigurations = (
				E1DF6F9C244F550700E11BF9 /* Debug */,
				E1DF6F9D244F550700E11BF9 /* Release */,
			);
			defaultConfigurationIsVisible = 0;
			defaultConfigurationName = Release;
		};
/* End XCConfigurationList section */

/* Begin XCVersionGroup section */
		E1DF6F74244F550300E11BF9 /* Blurred_ios.xcdatamodeld */ = {
			isa = XCVersionGroup;
			children = (
				E1DF6F75244F550300E11BF9 /* Blurred_ios.xcdatamodel */,
			);
			currentVersion = E1DF6F75244F550300E11BF9 /* Blurred_ios.xcdatamodel */;
			path = Blurred_ios.xcdatamodeld;
			sourceTree = "<group>";
			versionGroupType = wrapper.xcdatamodel;
		};
/* End XCVersionGroup section */
	};
	rootObject = E1DF6F5E244F550300E11BF9 /* Project object */;
}
